
Microsoft Visual Studio Solution File, Format Version 12.00
# Visual Studio 15
VisualStudioVersion = 15.0.27703.2026
MinimumVisualStudioVersion = 10.0.40219.1
Project("{FAE04EC0-301F-11D3-BF4B-00C04F79EFBC}") = "SomeWebApplication", "SomeWebApplication\SomeWebApplication.csproj", "{8C2A5EE0-D0A5-4D3B-8D79-3B1FAB620A23}"
EndProject
Project("{FAE04EC0-301F-11D3-BF4B-00C04F79EFBC}") = "Logger", "Logger\Logger.csproj", "{C46425AB-6CF5-463A-AA9E-BCA5F640CDA5}"
EndProject
Project("{FAE04EC0-301F-11D3-BF4B-00C04F79EFBC}") = "Infrastructure", "Infrastructure\Infrastructure.csproj", "{13E24B35-02EC-4269-A5E9-42FC063FA482}"
EndProject
Project("{FAE04EC0-301F-11D3-BF4B-00C04F79EFBC}") = "Bootstrap", "Bootstrap\Bootstrap.csproj", "{AA02E7CE-6DD0-4737-8C46-62F499DC7DBF}"
EndProject
Project("{FAE04EC0-301F-11D3-BF4B-00C04F79EFBC}") = "Security", "Security\Security.csproj", "{31509F95-9BD1-4DC1-A5AE-EB02FBA68367}"
EndProject
Global
	GlobalSection(SolutionConfigurationPlatforms) = preSolution
		Debug|Any CPU = Debug|Any CPU
		Release|Any CPU = Release|Any CPU
	EndGlobalSection
	GlobalSection(ProjectConfigurationPlatforms) = postSolution
		{8C2A5EE0-D0A5-4D3B-8D79-3B1FAB620A23}.Debug|Any CPU.ActiveCfg = Debug|Any CPU
		{8C2A5EE0-D0A5-4D3B-8D79-3B1FAB620A23}.Debug|Any CPU.Build.0 = Debug|Any CPU
		{8C2A5EE0-D0A5-4D3B-8D79-3B1FAB620A23}.Release|Any CPU.ActiveCfg = Release|Any CPU
		{8C2A5EE0-D0A5-4D3B-8D79-3B1FAB620A23}.Release|Any CPU.Build.0 = Release|Any CPU
		{C46425AB-6CF5-463A-AA9E-BCA5F640CDA5}.Debug|Any CPU.ActiveCfg = Debug|Any CPU
		{C46425AB-6CF5-463A-AA9E-BCA5F640CDA5}.Debug|Any CPU.Build.0 = Debug|Any CPU
		{C46425AB-6CF5-463A-AA9E-BCA5F640CDA5}.Release|Any CPU.ActiveCfg = Release|Any CPU
		{C46425AB-6CF5-463A-AA9E-BCA5F640CDA5}.Release|Any CPU.Build.0 = Release|Any CPU
		{13E24B35-02EC-4269-A5E9-42FC063FA482}.Debug|Any CPU.ActiveCfg = Debug|Any CPU
		{13E24B35-02EC-4269-A5E9-42FC063FA482}.Debug|Any CPU.Build.0 = Debug|Any CPU
		{13E24B35-02EC-4269-A5E9-42FC063FA482}.Release|Any CPU.ActiveCfg = Release|Any CPU
		{13E24B35-02EC-4269-A5E9-42FC063FA482}.Release|Any CPU.Build.0 = Release|Any CPU
		{AA02E7CE-6DD0-4737-8C46-62F499DC7DBF}.Debug|Any CPU.ActiveCfg = Debug|Any CPU
		{AA02E7CE-6DD0-4737-8C46-62F499DC7DBF}.Debug|Any CPU.Build.0 = Debug|Any CPU
		{AA02E7CE-6DD0-4737-8C46-62F499DC7DBF}.Release|Any CPU.ActiveCfg = Release|Any CPU
		{AA02E7CE-6DD0-4737-8C46-62F499DC7DBF}.Release|Any CPU.Build.0 = Release|Any CPU
		{31509F95-9BD1-4DC1-A5AE-EB02FBA68367}.Debug|Any CPU.ActiveCfg = Debug|Any CPU
		{31509F95-9BD1-4DC1-A5AE-EB02FBA68367}.Debug|Any CPU.Build.0 = Debug|Any CPU
		{31509F95-9BD1-4DC1-A5AE-EB02FBA68367}.Release|Any CPU.ActiveCfg = Release|Any CPU
		{31509F95-9BD1-4DC1-A5AE-EB02FBA68367}.Release|Any CPU.Build.0 = Release|Any CPU
	EndGlobalSection
	GlobalSection(SolutionProperties) = preSolution
		HideSolutionNode = FALSE
	EndGlobalSection
	GlobalSection(ExtensibilityGlobals) = postSolution
		SolutionGuid = {B827E9D3-5E84-4723-86BC-F83D88BEED4A}
	EndGlobalSection
EndGlobal
